
Microsoft Visual Studio Solution File, Format Version 12.00
# Visual Studio Version 16
VisualStudioVersion = 16.0.31129.286
MinimumVisualStudioVersion = 10.0.40219.1
Project("{9A19103F-16F7-4668-BE54-9A1E7A4F7556}") = "TelerikBlazorApp1.Server", "TelerikBlazorApp1\Server\TelerikBlazorApp1.Server.csproj", "{68D59516-583A-4243-801C-56E6D84B3EEF}"
EndProject
Project("{9A19103F-16F7-4668-BE54-9A1E7A4F7556}") = "TelerikBlazorApp1.Client", "TelerikBlazorApp1\Client\TelerikBlazorApp1.Client.csproj", "{0404371A-974F-4D80-9E0D-2E2FF12FF677}"
EndProject
Project("{9A19103F-16F7-4668-BE54-9A1E7A4F7556}") = "TelerikBlazorApp1.Shared", "TelerikBlazorApp1\Shared\TelerikBlazorApp1.Shared.csproj", "{AC812C94-BAF0-4914-8ED9-037725F7C73C}"
EndProject
Global
	GlobalSection(SolutionConfigurationPlatforms) = preSolution
		Debug|Any CPU = Debug|Any CPU
		Release|Any CPU = Release|Any CPU
	EndGlobalSection
	GlobalSection(ProjectConfigurationPlatforms) = postSolution
		{68D59516-583A-4243-801C-56E6D84B3EEF}.Debug|Any CPU.ActiveCfg = Debug|Any CPU
		{68D59516-583A-4243-801C-56E6D84B3EEF}.Debug|Any CPU.Build.0 = Debug|Any CPU
		{68D59516-583A-4243-801C-56E6D84B3EEF}.Release|Any CPU.ActiveCfg = Release|Any CPU
		{68D59516-583A-4243-801C-56E6D84B3EEF}.Release|Any CPU.Build.0 = Release|Any CPU
		{0404371A-974F-4D80-9E0D-2E2FF12FF677}.Debug|Any CPU.ActiveCfg = Debug|Any CPU
		{0404371A-974F-4D80-9E0D-2E2FF12FF677}.Debug|Any CPU.Build.0 = Debug|Any CPU
		{0404371A-974F-4D80-9E0D-2E2FF12FF677}.Release|Any CPU.ActiveCfg = Release|Any CPU
		{0404371A-974F-4D80-9E0D-2E2FF12FF677}.Release|Any CPU.Build.0 = Release|Any CPU
		{AC812C94-BAF0-4914-8ED9-037725F7C73C}.Debug|Any CPU.ActiveCfg = Debug|Any CPU
		{AC812C94-BAF0-4914-8ED9-037725F7C73C}.Debug|Any CPU.Build.0 = Debug|Any CPU
		{AC812C94-BAF0-4914-8ED9-037725F7C73C}.Release|Any CPU.ActiveCfg = Release|Any CPU
		{AC812C94-BAF0-4914-8ED9-037725F7C73C}.Release|Any CPU.Build.0 = Release|Any CPU
	EndGlobalSection
	GlobalSection(SolutionProperties) = preSolution
		HideSolutionNode = FALSE
	EndGlobalSection
	GlobalSection(ExtensibilityGlobals) = postSolution
		SolutionGuid = {7C690AE8-959A-4913-B940-697C449E76C2}
	EndGlobalSection
EndGlobal
